
Microsoft Visual Studio Solution File, Format Version 12.00
# Visual Studio Version 17
VisualStudioVersion = 17.3.32825.248
MinimumVisualStudioVersion = 10.0.40219.1
Project("{9A19103F-16F7-4668-BE54-9A1E7A4F7556}") = "ShopOnlineWeb", "ShopOnlineWeb\ShopOnlineWeb.csproj", "{16FD1207-3C5E-48F5-9E5B-10AB3552D7CC}"
EndProject
Project("{9A19103F-16F7-4668-BE54-9A1E7A4F7556}") = "ShoppingWebAPI", "ShoppingWebAPI\ShoppingWebAPI.csproj", "{57989056-C102-4828-AB8D-19B1423F6F7D}"
EndProject
Project("{9A19103F-16F7-4668-BE54-9A1E7A4F7556}") = "ShopOnlineModels", "ShopOnlineModels\ShopOnlineModels.csproj", "{6B7DFCD7-6D4E-4458-BFB7-C851E4C86C74}"
EndProject
Global
	GlobalSection(SolutionConfigurationPlatforms) = preSolution
		Debug|Any CPU = Debug|Any CPU
		Release|Any CPU = Release|Any CPU
	EndGlobalSection
	GlobalSection(ProjectConfigurationPlatforms) = postSolution
		{16FD1207-3C5E-48F5-9E5B-10AB3552D7CC}.Debug|Any CPU.ActiveCfg = Debug|Any CPU
		{16FD1207-3C5E-48F5-9E5B-10AB3552D7CC}.Debug|Any CPU.Build.0 = Debug|Any CPU
		{16FD1207-3C5E-48F5-9E5B-10AB3552D7CC}.Release|Any CPU.ActiveCfg = Release|Any CPU
		{16FD1207-3C5E-48F5-9E5B-10AB3552D7CC}.Release|Any CPU.Build.0 = Release|Any CPU
		{57989056-C102-4828-AB8D-19B1423F6F7D}.Debug|Any CPU.ActiveCfg = Debug|Any CPU
		{57989056-C102-4828-AB8D-19B1423F6F7D}.Debug|Any CPU.Build.0 = Debug|Any CPU
		{57989056-C102-4828-AB8D-19B1423F6F7D}.Release|Any CPU.ActiveCfg = Release|Any CPU
		{57989056-C102-4828-AB8D-19B1423F6F7D}.Release|Any CPU.Build.0 = Release|Any CPU
		{6B7DFCD7-6D4E-4458-BFB7-C851E4C86C74}.Debug|Any CPU.ActiveCfg = Debug|Any CPU
		{6B7DFCD7-6D4E-4458-BFB7-C851E4C86C74}.Debug|Any CPU.Build.0 = Debug|Any CPU
		{6B7DFCD7-6D4E-4458-BFB7-C851E4C86C74}.Release|Any CPU.ActiveCfg = Release|Any CPU
		{6B7DFCD7-6D4E-4458-BFB7-C851E4C86C74}.Release|Any CPU.Build.0 = Release|Any CPU
	EndGlobalSection
	GlobalSection(SolutionProperties) = preSolution
		HideSolutionNode = FALSE
	EndGlobalSection
	GlobalSection(ExtensibilityGlobals) = postSolution
		SolutionGuid = {FDCDF8AF-7099-4E0C-81CF-78560E115BE2}
	EndGlobalSection
EndGlobal
